
Microsoft Visual Studio Solution File, Format Version 12.00
# Visual Studio 14
VisualStudioVersion = 14.0.24720.0
MinimumVisualStudioVersion = 10.0.40219.1
Project("{FAE04EC0-301F-11D3-BF4B-00C04F79EFBC}") = "MultiSelectTableFilters", "MultiSelectTableFilters\MultiSelectTableFilters.csproj", "{02F93A16-FBED-4064-AE8E-1ACAC01210AE}"
EndProject
Global
	GlobalSection(SolutionConfigurationPlatforms) = preSolution
		Debug|Any CPU = Debug|Any CPU
		Release|Any CPU = Release|Any CPU
	EndGlobalSection
	GlobalSection(ProjectConfigurationPlatforms) = postSolution
		{02F93A16-FBED-4064-AE8E-1ACAC01210AE}.Debug|Any CPU.ActiveCfg = Debug|Any CPU
		{02F93A16-FBED-4064-AE8E-1ACAC01210AE}.Debug|Any CPU.Build.0 = Debug|Any CPU
		{02F93A16-FBED-4064-AE8E-1ACAC01210AE}.Release|Any CPU.ActiveCfg = Release|Any CPU
		{02F93A16-FBED-4064-AE8E-1ACAC01210AE}.Release|Any CPU.Build.0 = Release|Any CPU
	EndGlobalSection
	GlobalSection(SolutionProperties) = preSolution
		HideSolutionNode = FALSE
	EndGlobalSection
EndGlobal
